
Microsoft Visual Studio Solution File, Format Version 12.00
# Visual Studio Version 16
VisualStudioVersion = 16.0.30907.101
MinimumVisualStudioVersion = 10.0.40219.1
Project("{FAE04EC0-301F-11D3-BF4B-00C04F79EFBC}") = "BinarySearchTree", "BinarySearchTree\BinarySearchTree.csproj", "{A0F75060-4A42-4BB1-8E64-EE43DD234E6E}"
EndProject
Project("{FAE04EC0-301F-11D3-BF4B-00C04F79EFBC}") = "NUnitTestProject", "NUnitTestProject\NUnitTestProject.csproj", "{6B3288BA-7EA6-460A-BB1E-3E47A2C08AFC}"
EndProject
Global
	GlobalSection(SolutionConfigurationPlatforms) = preSolution
		Debug|Any CPU = Debug|Any CPU
		Release|Any CPU = Release|Any CPU
	EndGlobalSection
	GlobalSection(ProjectConfigurationPlatforms) = postSolution
		{A0F75060-4A42-4BB1-8E64-EE43DD234E6E}.Debug|Any CPU.ActiveCfg = Debug|Any CPU
		{A0F75060-4A42-4BB1-8E64-EE43DD234E6E}.Debug|Any CPU.Build.0 = Debug|Any CPU
		{A0F75060-4A42-4BB1-8E64-EE43DD234E6E}.Release|Any CPU.ActiveCfg = Release|Any CPU
		{A0F75060-4A42-4BB1-8E64-EE43DD234E6E}.Release|Any CPU.Build.0 = Release|Any CPU
		{6B3288BA-7EA6-460A-BB1E-3E47A2C08AFC}.Debug|Any CPU.ActiveCfg = Debug|Any CPU
		{6B3288BA-7EA6-460A-BB1E-3E47A2C08AFC}.Debug|Any CPU.Build.0 = Debug|Any CPU
		{6B3288BA-7EA6-460A-BB1E-3E47A2C08AFC}.Release|Any CPU.ActiveCfg = Release|Any CPU
		{6B3288BA-7EA6-460A-BB1E-3E47A2C08AFC}.Release|Any CPU.Build.0 = Release|Any CPU
	EndGlobalSection
	GlobalSection(SolutionProperties) = preSolution
		HideSolutionNode = FALSE
	EndGlobalSection
	GlobalSection(ExtensibilityGlobals) = postSolution
		SolutionGuid = {6D13D66C-F40C-409C-9902-DDE48FC56BE3}
	EndGlobalSection
EndGlobal
